
Microsoft Visual Studio Solution File, Format Version 12.00
# Visual Studio Version 16
VisualStudioVersion = 16.0.29519.181
MinimumVisualStudioVersion = 10.0.40219.1
Project("{FAE04EC0-301F-11D3-BF4B-00C04F79EFBC}") = "CSV-Data_to_SQLscript", "CSV-Data_to_SQLscript\CSV-Data_to_SQLscript.csproj", "{38A3ED10-8EB4-4140-9044-B0F8DE5F787F}"
EndProject
Project("{FAE04EC0-301F-11D3-BF4B-00C04F79EFBC}") = "ScriptGenerator", "ScriptGenerator\ScriptGenerator.csproj", "{4C37D977-679C-478E-B0F5-34DCFF95BDF3}"
EndProject
Global
	GlobalSection(SolutionConfigurationPlatforms) = preSolution
		Debug|Any CPU = Debug|Any CPU
		Release|Any CPU = Release|Any CPU
	EndGlobalSection
	GlobalSection(ProjectConfigurationPlatforms) = postSolution
		{38A3ED10-8EB4-4140-9044-B0F8DE5F787F}.Debug|Any CPU.ActiveCfg = Debug|Any CPU
		{38A3ED10-8EB4-4140-9044-B0F8DE5F787F}.Debug|Any CPU.Build.0 = Debug|Any CPU
		{38A3ED10-8EB4-4140-9044-B0F8DE5F787F}.Release|Any CPU.ActiveCfg = Release|Any CPU
		{38A3ED10-8EB4-4140-9044-B0F8DE5F787F}.Release|Any CPU.Build.0 = Release|Any CPU
		{4C37D977-679C-478E-B0F5-34DCFF95BDF3}.Debug|Any CPU.ActiveCfg = Debug|Any CPU
		{4C37D977-679C-478E-B0F5-34DCFF95BDF3}.Debug|Any CPU.Build.0 = Debug|Any CPU
		{4C37D977-679C-478E-B0F5-34DCFF95BDF3}.Release|Any CPU.ActiveCfg = Release|Any CPU
		{4C37D977-679C-478E-B0F5-34DCFF95BDF3}.Release|Any CPU.Build.0 = Release|Any CPU
	EndGlobalSection
	GlobalSection(SolutionProperties) = preSolution
		HideSolutionNode = FALSE
	EndGlobalSection
	GlobalSection(ExtensibilityGlobals) = postSolution
		SolutionGuid = {B41AC3CA-EAAE-42AB-8587-698FE3D81A1A}
	EndGlobalSection
EndGlobal
